
Microsoft Visual Studio Solution File, Format Version 12.00
# Visual Studio 15
VisualStudioVersion = 15.0.27428.2037
MinimumVisualStudioVersion = 10.0.40219.1
Project("{FAE04EC0-301F-11D3-BF4B-00C04F79EFBC}") = "LogisticsService", "LogisticsService\LogisticsService.csproj", "{9B75967B-39EB-4239-B85B-E6B4C9368E3C}"
EndProject
Global
	GlobalSection(SolutionConfigurationPlatforms) = preSolution
		Debug|Any CPU = Debug|Any CPU
		Release|Any CPU = Release|Any CPU
	EndGlobalSection
	GlobalSection(ProjectConfigurationPlatforms) = postSolution
		{9B75967B-39EB-4239-B85B-E6B4C9368E3C}.Debug|Any CPU.ActiveCfg = Debug|Any CPU
		{9B75967B-39EB-4239-B85B-E6B4C9368E3C}.Debug|Any CPU.Build.0 = Debug|Any CPU
		{9B75967B-39EB-4239-B85B-E6B4C9368E3C}.Release|Any CPU.ActiveCfg = Release|Any CPU
		{9B75967B-39EB-4239-B85B-E6B4C9368E3C}.Release|Any CPU.Build.0 = Release|Any CPU
	EndGlobalSection
	GlobalSection(SolutionProperties) = preSolution
		HideSolutionNode = FALSE
	EndGlobalSection
	GlobalSection(ExtensibilityGlobals) = postSolution
		SolutionGuid = {CDF30EF8-1608-4671-A087-34FF14E704EA}
	EndGlobalSection
EndGlobal
